
Microsoft Visual Studio Solution File, Format Version 12.00
# Visual Studio Version 17
VisualStudioVersion = 17.8.34525.116
MinimumVisualStudioVersion = 10.0.40219.1
Project("{FAE04EC0-301F-11D3-BF4B-00C04F79EFBC}") = "_ADO.NET_INTRO_", "_ADO.NET_INTRO_\_ADO.NET_INTRO_.csproj", "{17D6E028-52FB-4C0D-A626-845D85830559}"
EndProject
Global
	GlobalSection(SolutionConfigurationPlatforms) = preSolution
		Debug|Any CPU = Debug|Any CPU
		Release|Any CPU = Release|Any CPU
	EndGlobalSection
	GlobalSection(ProjectConfigurationPlatforms) = postSolution
		{17D6E028-52FB-4C0D-A626-845D85830559}.Debug|Any CPU.ActiveCfg = Debug|Any CPU
		{17D6E028-52FB-4C0D-A626-845D85830559}.Debug|Any CPU.Build.0 = Debug|Any CPU
		{17D6E028-52FB-4C0D-A626-845D85830559}.Release|Any CPU.ActiveCfg = Release|Any CPU
		{17D6E028-52FB-4C0D-A626-845D85830559}.Release|Any CPU.Build.0 = Release|Any CPU
	EndGlobalSection
	GlobalSection(SolutionProperties) = preSolution
		HideSolutionNode = FALSE
	EndGlobalSection
	GlobalSection(ExtensibilityGlobals) = postSolution
		SolutionGuid = {A3225BF7-F717-4342-AF8B-FF1CD75C779D}
	EndGlobalSection
EndGlobal
